// !$*UTF8*$!
{
	archiveVersion = 1;
	classes = {
	};
	objectVersion = 48;
	objects = {

/* Begin PBXBuildFile section */
		0E1D2ACA20307D9A006D442C /* GoogleService-Info.plist in Resources */ = {isa = PBXBuildFile; fileRef = 0E1D2AC920307D9A006D442C /* GoogleService-Info.plist */; };
		0E1D2AD120309037006D442C /* SetupRoundRepository.swift in Sources */ = {isa = PBXBuildFile; fileRef = 0E1D2AD020309037006D442C /* SetupRoundRepository.swift */; };
		0E1D2AD7203092D8006D442C /* QuestRoundRepository.swift in Sources */ = {isa = PBXBuildFile; fileRef = 0E1D2AD6203092D8006D442C /* QuestRoundRepository.swift */; };
		0E1E2AC820294484009DED48 /* SetupRoundEvent.swift in Sources */ = {isa = PBXBuildFile; fileRef = 0E1E2AC720294484009DED48 /* SetupRoundEvent.swift */; };
		0E20BA6A203C85810080119F /* Game.swift in Sources */ = {isa = PBXBuildFile; fileRef = 0E20BA69203C85810080119F /* Game.swift */; };
		0E20BA6C203C85E80080119F /* Event.swift in Sources */ = {isa = PBXBuildFile; fileRef = 0E20BA6B203C85E80080119F /* Event.swift */; };
		0E231B9B200F13F700907D39 /* AppDelegate.swift in Sources */ = {isa = PBXBuildFile; fileRef = 0E231B9A200F13F700907D39 /* AppDelegate.swift */; };
		0E231B9D200F13F700907D39 /* GameController.swift in Sources */ = {isa = PBXBuildFile; fileRef = 0E231B9C200F13F700907D39 /* GameController.swift */; };
		0E231BA0200F13F700907D39 /* Main.storyboard in Resources */ = {isa = PBXBuildFile; fileRef = 0E231B9E200F13F700907D39 /* Main.storyboard */; };
		0E231BA2200F13F700907D39 /* Assets.xcassets in Resources */ = {isa = PBXBuildFile; fileRef = 0E231BA1200F13F700907D39 /* Assets.xcassets */; };
		0E231BA5200F13F700907D39 /* LaunchScreen.storyboard in Resources */ = {isa = PBXBuildFile; fileRef = 0E231BA3200F13F700907D39 /* LaunchScreen.storyboard */; };
		0E345A39202CA794006DBCAD /* KingArther.swift in Sources */ = {isa = PBXBuildFile; fileRef = 0E345A38202CA794006DBCAD /* KingArther.swift */; };
		0E345A3B202CAAE1006DBCAD /* QuestRound.swift in Sources */ = {isa = PBXBuildFile; fileRef = 0E345A3A202CAAE1006DBCAD /* QuestRound.swift */; };
		0E345A3D202CAC2E006DBCAD /* QuestRoundEvent.swift in Sources */ = {isa = PBXBuildFile; fileRef = 0E345A3C202CAC2E006DBCAD /* QuestRoundEvent.swift */; };
		0E74CC3D20254EC200FFAFCC /* RelationshipTests.swift in Sources */ = {isa = PBXBuildFile; fileRef = 0E74CC3C20254EC200FFAFCC /* RelationshipTests.swift */; };
		0E74CC3F20254FFC00FFAFCC /* SetupRound.swift in Sources */ = {isa = PBXBuildFile; fileRef = 0E74CC3E20254FFC00FFAFCC /* SetupRound.swift */; };
		0E74CC432025633500FFAFCC /* SetupRoundTests.swift in Sources */ = {isa = PBXBuildFile; fileRef = 0E74CC422025633500FFAFCC /* SetupRoundTests.swift */; };
		0E95C3A82011908E0019B72A /* CharacterGeneratorTests.swift in Sources */ = {isa = PBXBuildFile; fileRef = 0E95C3A72011908D0019B72A /* CharacterGeneratorTests.swift */; };
		0E95C3AC2011909C0019B72A /* Character.swift in Sources */ = {isa = PBXBuildFile; fileRef = 0E95C3A92011909C0019B72A /* Character.swift */; };
		0E95C3AD2011909C0019B72A /* User.swift in Sources */ = {isa = PBXBuildFile; fileRef = 0E95C3AA2011909C0019B72A /* User.swift */; };
		0E95C3AE2011909C0019B72A /* CharacterGenerator.swift in Sources */ = {isa = PBXBuildFile; fileRef = 0E95C3AB2011909C0019B72A /* CharacterGenerator.swift */; };
		0EEDEEE7201AC289003E6F17 /* Relationship.swift in Sources */ = {isa = PBXBuildFile; fileRef = 0EEDEEE6201AC289003E6F17 /* Relationship.swift */; };
		9B112D12F724FB34666AD48A /* Pods_TitanAvalon.framework in Frameworks */ = {isa = PBXBuildFile; fileRef = 5FF797EAB8BC3FE2F160515A /* Pods_TitanAvalon.framework */; };
		9EF2C30DEC96A4AF973D5DD1 /* Pods_TitanAvalonTests.framework in Frameworks */ = {isa = PBXBuildFile; fileRef = 13471C7A50CD9A9814D7FCA1 /* Pods_TitanAvalonTests.framework */; };
/* End PBXBuildFile section */

/* Begin PBXContainerItemProxy section */
		0E231BAC200F13F800907D39 /* PBXContainerItemProxy */ = {
			isa = PBXContainerItemProxy;
			containerPortal = 0E231B8F200F13F700907D39 /* Project object */;
			proxyType = 1;
			remoteGlobalIDString = 0E231B96200F13F700907D39;
			remoteInfo = TitanAvalon;
		};
/* End PBXContainerItemProxy section */

/* Begin PBXFileReference section */
		0E1D2AC920307D9A006D442C /* GoogleService-Info.plist */ = {isa = PBXFileReference; fileEncoding = 4; lastKnownFileType = text.plist.xml; path = "GoogleService-Info.plist"; sourceTree = "<group>"; };
		0E1D2AD020309037006D442C /* SetupRoundRepository.swift */ = {isa = PBXFileReference; lastKnownFileType = sourcecode.swift; path = SetupRoundRepository.swift; sourceTree = "<group>"; };
		0E1D2AD6203092D8006D442C /* QuestRoundRepository.swift */ = {isa = PBXFileReference; lastKnownFileType = sourcecode.swift; path = QuestRoundRepository.swift; sourceTree = "<group>"; };
		0E1E2AC720294484009DED48 /* SetupRoundEvent.swift */ = {isa = PBXFileReference; lastKnownFileType = sourcecode.swift; path = SetupRoundEvent.swift; sourceTree = "<group>"; };
		0E20BA69203C85810080119F /* Game.swift */ = {isa = PBXFileReference; lastKnownFileType = sourcecode.swift; path = Game.swift; sourceTree = "<group>"; };
		0E20BA6B203C85E80080119F /* Event.swift */ = {isa = PBXFileReference; lastKnownFileType = sourcecode.swift; path = Event.swift; sourceTree = "<group>"; };
		0E231B97200F13F700907D39 /* TitanAvalon.app */ = {isa = PBXFileReference; explicitFileType = wrapper.application; includeInIndex = 0; path = TitanAvalon.app; sourceTree = BUILT_PRODUCTS_DIR; };
		0E231B9A200F13F700907D39 /* AppDelegate.swift */ = {isa = PBXFileReference; lastKnownFileType = sourcecode.swift; path = AppDelegate.swift; sourceTree = "<group>"; };
		0E231B9C200F13F700907D39 /* GameController.swift */ = {isa = PBXFileReference; lastKnownFileType = sourcecode.swift; path = GameController.swift; sourceTree = "<group>"; };
		0E231B9F200F13F700907D39 /* Base */ = {isa = PBXFileReference; lastKnownFileType = file.storyboard; name = Base; path = Base.lproj/Main.storyboard; sourceTree = "<group>"; };
		0E231BA1200F13F700907D39 /* Assets.xcassets */ = {isa = PBXFileReference; lastKnownFileType = folder.assetcatalog; path = Assets.xcassets; sourceTree = "<group>"; };
		0E231BA4200F13F700907D39 /* Base */ = {isa = PBXFileReference; lastKnownFileType = file.storyboard; name = Base; path = Base.lproj/LaunchScreen.storyboard; sourceTree = "<group>"; };
		0E231BA6200F13F700907D39 /* Info.plist */ = {isa = PBXFileReference; lastKnownFileType = text.plist.xml; path = Info.plist; sourceTree = "<group>"; };
		0E231BAB200F13F800907D39 /* TitanAvalonTests.xctest */ = {isa = PBXFileReference; explicitFileType = wrapper.cfbundle; includeInIndex = 0; path = TitanAvalonTests.xctest; sourceTree = BUILT_PRODUCTS_DIR; };
		0E231BB1200F13F800907D39 /* Info.plist */ = {isa = PBXFileReference; lastKnownFileType = text.plist.xml; path = Info.plist; sourceTree = "<group>"; };
		0E345A38202CA794006DBCAD /* KingArther.swift */ = {isa = PBXFileReference; lastKnownFileType = sourcecode.swift; path = KingArther.swift; sourceTree = "<group>"; };
		0E345A3A202CAAE1006DBCAD /* QuestRound.swift */ = {isa = PBXFileReference; lastKnownFileType = sourcecode.swift; path = QuestRound.swift; sourceTree = "<group>"; };
		0E345A3C202CAC2E006DBCAD /* QuestRoundEvent.swift */ = {isa = PBXFileReference; lastKnownFileType = sourcecode.swift; path = QuestRoundEvent.swift; sourceTree = "<group>"; };
		0E74CC3C20254EC200FFAFCC /* RelationshipTests.swift */ = {isa = PBXFileReference; lastKnownFileType = sourcecode.swift; path = RelationshipTests.swift; sourceTree = "<group>"; };
		0E74CC3E20254FFC00FFAFCC /* SetupRound.swift */ = {isa = PBXFileReference; lastKnownFileType = sourcecode.swift; path = SetupRound.swift; sourceTree = "<group>"; };
		0E74CC422025633500FFAFCC /* SetupRoundTests.swift */ = {isa = PBXFileReference; lastKnownFileType = sourcecode.swift; path = SetupRoundTests.swift; sourceTree = "<group>"; };
		0E95C3A72011908D0019B72A /* CharacterGeneratorTests.swift */ = {isa = PBXFileReference; fileEncoding = 4; lastKnownFileType = sourcecode.swift; path = CharacterGeneratorTests.swift; sourceTree = "<group>"; };
		0E95C3A92011909C0019B72A /* Character.swift */ = {isa = PBXFileReference; fileEncoding = 4; lastKnownFileType = sourcecode.swift; path = Character.swift; sourceTree = "<group>"; };
		0E95C3AA2011909C0019B72A /* User.swift */ = {isa = PBXFileReference; fileEncoding = 4; lastKnownFileType = sourcecode.swift; path = User.swift; sourceTree = "<group>"; };
		0E95C3AB2011909C0019B72A /* CharacterGenerator.swift */ = {isa = PBXFileReference; fileEncoding = 4; lastKnownFileType = sourcecode.swift; path = CharacterGenerator.swift; sourceTree = "<group>"; };
		0EEDEEE6201AC289003E6F17 /* Relationship.swift */ = {isa = PBXFileReference; lastKnownFileType = sourcecode.swift; path = Relationship.swift; sourceTree = "<group>"; };
		13471C7A50CD9A9814D7FCA1 /* Pods_TitanAvalonTests.framework */ = {isa = PBXFileReference; explicitFileType = wrapper.framework; includeInIndex = 0; path = Pods_TitanAvalonTests.framework; sourceTree = BUILT_PRODUCTS_DIR; };
		4347854705A817041A7F9269 /* Pods-TitanAvalonTests.debug.xcconfig */ = {isa = PBXFileReference; includeInIndex = 1; lastKnownFileType = text.xcconfig; name = "Pods-TitanAvalonTests.debug.xcconfig"; path = "Pods/Target Support Files/Pods-TitanAvalonTests/Pods-TitanAvalonTests.debug.xcconfig"; sourceTree = "<group>"; };
		509B455270C02340D1916477 /* Pods-TitanAvalon.debug.xcconfig */ = {isa = PBXFileReference; includeInIndex = 1; lastKnownFileType = text.xcconfig; name = "Pods-TitanAvalon.debug.xcconfig"; path = "Pods/Target Support Files/Pods-TitanAvalon/Pods-TitanAvalon.debug.xcconfig"; sourceTree = "<group>"; };
		5FF797EAB8BC3FE2F160515A /* Pods_TitanAvalon.framework */ = {isa = PBXFileReference; explicitFileType = wrapper.framework; includeInIndex = 0; path = Pods_TitanAvalon.framework; sourceTree = BUILT_PRODUCTS_DIR; };
		77F3CC89EF44FD8233AC24BC /* Pods-TitanAvalonTests.release.xcconfig */ = {isa = PBXFileReference; includeInIndex = 1; lastKnownFileType = text.xcconfig; name = "Pods-TitanAvalonTests.release.xcconfig"; path = "Pods/Target Support Files/Pods-TitanAvalonTests/Pods-TitanAvalonTests.release.xcconfig"; sourceTree = "<group>"; };
		DD3B32C9904283A224FD59E1 /* Pods-TitanAvalon.release.xcconfig */ = {isa = PBXFileReference; includeInIndex = 1; lastKnownFileType = text.xcconfig; name = "Pods-TitanAvalon.release.xcconfig"; path = "Pods/Target Support Files/Pods-TitanAvalon/Pods-TitanAvalon.release.xcconfig"; sourceTree = "<group>"; };
/* End PBXFileReference section */

/* Begin PBXFrameworksBuildPhase section */
		0E231B94200F13F700907D39 /* Frameworks */ = {
			isa = PBXFrameworksBuildPhase;
			buildActionMask = 2147483647;
			files = (
				9B112D12F724FB34666AD48A /* Pods_TitanAvalon.framework in Frameworks */,
			);
			runOnlyForDeploymentPostprocessing = 0;
		};
		0E231BA8200F13F800907D39 /* Frameworks */ = {
			isa = PBXFrameworksBuildPhase;
			buildActionMask = 2147483647;
			files = (
				9EF2C30DEC96A4AF973D5DD1 /* Pods_TitanAvalonTests.framework in Frameworks */,
			);
			runOnlyForDeploymentPostprocessing = 0;
		};
/* End PBXFrameworksBuildPhase section */

/* Begin PBXGroup section */
		0E1D2ACD20308FD7006D442C /* Repository */ = {
			isa = PBXGroup;
			children = (
				0E1D2AD020309037006D442C /* SetupRoundRepository.swift */,
				0E1D2AD6203092D8006D442C /* QuestRoundRepository.swift */,
			);
			path = Repository;
			sourceTree = "<group>";
		};
		0E1D2AD52030912F006D442C /* Round */ = {
			isa = PBXGroup;
			children = (
				0E74CC3E20254FFC00FFAFCC /* SetupRound.swift */,
				0E345A3A202CAAE1006DBCAD /* QuestRound.swift */,
			);
			path = Round;
			sourceTree = "<group>";
		};
		0E1E2AC62029444F009DED48 /* Event */ = {
			isa = PBXGroup;
			children = (
				0E1E2AC720294484009DED48 /* SetupRoundEvent.swift */,
				0E345A3C202CAC2E006DBCAD /* QuestRoundEvent.swift */,
				0E20BA6B203C85E80080119F /* Event.swift */,
			);
			path = Event;
			sourceTree = "<group>";
		};
		0E231B8E200F13F700907D39 = {
			isa = PBXGroup;
			children = (
				0E231B99200F13F700907D39 /* TitanAvalon */,
				0E231BAE200F13F800907D39 /* TitanAvalonTests */,
				0E231B98200F13F700907D39 /* Products */,
				E53CFDA2C44259520D0356F8 /* Pods */,
				8DDD9421C31258EB034C512E /* Frameworks */,
			);
			sourceTree = "<group>";
		};
		0E231B98200F13F700907D39 /* Products */ = {
			isa = PBXGroup;
			children = (
				0E231B97200F13F700907D39 /* TitanAvalon.app */,
				0E231BAB200F13F800907D39 /* TitanAvalonTests.xctest */,
			);
			name = Products;
			sourceTree = "<group>";
		};
		0E231B99200F13F700907D39 /* TitanAvalon */ = {
			isa = PBXGroup;
			children = (
				0E81AEAE20257F3100476ACF /* Model */,
				0E81AEAD20257F0B00476ACF /* Controller */,
				0E81AEAC20257EF600476ACF /* View */,
				0E231B9A200F13F700907D39 /* AppDelegate.swift */,
				0E231BA1200F13F700907D39 /* Assets.xcassets */,
				0E231BA6200F13F700907D39 /* Info.plist */,
				0E1D2AC920307D9A006D442C /* GoogleService-Info.plist */,
			);
			path = TitanAvalon;
			sourceTree = "<group>";
		};
		0E231BAE200F13F800907D39 /* TitanAvalonTests */ = {
			isa = PBXGroup;
			children = (
				0E95C3A72011908D0019B72A /* CharacterGeneratorTests.swift */,
				0E231BB1200F13F800907D39 /* Info.plist */,
				0E74CC3C20254EC200FFAFCC /* RelationshipTests.swift */,
				0E74CC422025633500FFAFCC /* SetupRoundTests.swift */,
			);
			path = TitanAvalonTests;
			sourceTree = "<group>";
		};
		0E81AEAC20257EF600476ACF /* View */ = {
			isa = PBXGroup;
			children = (
				0E231B9E200F13F700907D39 /* Main.storyboard */,
				0E231BA3200F13F700907D39 /* LaunchScreen.storyboard */,
			);
			path = View;
			sourceTree = "<group>";
		};
		0E81AEAD20257F0B00476ACF /* Controller */ = {
			isa = PBXGroup;
			children = (
				0E231B9C200F13F700907D39 /* GameController.swift */,
			);
			path = Controller;
			sourceTree = "<group>";
		};
		0E81AEAE20257F3100476ACF /* Model */ = {
			isa = PBXGroup;
			children = (
				0E1D2AD52030912F006D442C /* Round */,
				0E1D2ACD20308FD7006D442C /* Repository */,
				0E1E2AC62029444F009DED48 /* Event */,
				0E95C3A92011909C0019B72A /* Character.swift */,
				0E95C3AB2011909C0019B72A /* CharacterGenerator.swift */,
				0E95C3AA2011909C0019B72A /* User.swift */,
				0EEDEEE6201AC289003E6F17 /* Relationship.swift */,
				0E345A38202CA794006DBCAD /* KingArther.swift */,
				0E20BA69203C85810080119F /* Game.swift */,
			);
			path = Model;
			sourceTree = "<group>";
		};
		8DDD9421C31258EB034C512E /* Frameworks */ = {
			isa = PBXGroup;
			children = (
				5FF797EAB8BC3FE2F160515A /* Pods_TitanAvalon.framework */,
				13471C7A50CD9A9814D7FCA1 /* Pods_TitanAvalonTests.framework */,
			);
			name = Frameworks;
			sourceTree = "<group>";
		};
		E53CFDA2C44259520D0356F8 /* Pods */ = {
			isa = PBXGroup;
			children = (
				509B455270C02340D1916477 /* Pods-TitanAvalon.debug.xcconfig */,
				DD3B32C9904283A224FD59E1 /* Pods-TitanAvalon.release.xcconfig */,
				4347854705A817041A7F9269 /* Pods-TitanAvalonTests.debug.xcconfig */,
				77F3CC89EF44FD8233AC24BC /* Pods-TitanAvalonTests.release.xcconfig */,
			);
			name = Pods;
			sourceTree = "<group>";
		};
/* End PBXGroup section */

/* Begin PBXNativeTarget section */
		0E231B96200F13F700907D39 /* TitanAvalon */ = {
			isa = PBXNativeTarget;
			buildConfigurationList = 0E231BB4200F13F800907D39 /* Build configuration list for PBXNativeTarget "TitanAvalon" */;
			buildPhases = (
				1F57D5CCDF942B58A69F840A /* [CP] Check Pods Manifest.lock */,
				0E231B93200F13F700907D39 /* Sources */,
				0E231B94200F13F700907D39 /* Frameworks */,
				0E231B95200F13F700907D39 /* Resources */,
				D1C97458AAEDB2DEC7068843 /* [CP] Embed Pods Frameworks */,
				8E91C9E3BDC0612486A0126E /* [CP] Copy Pods Resources */,
			);
			buildRules = (
			);
			dependencies = (
			);
			name = TitanAvalon;
			productName = TitanAvalon;
			productReference = 0E231B97200F13F700907D39 /* TitanAvalon.app */;
			productType = "com.apple.product-type.application";
		};
		0E231BAA200F13F800907D39 /* TitanAvalonTests */ = {
			isa = PBXNativeTarget;
			buildConfigurationList = 0E231BB7200F13F800907D39 /* Build configuration list for PBXNativeTarget "TitanAvalonTests" */;
			buildPhases = (
				2E3AEFB768E8D38637A1C7A0 /* [CP] Check Pods Manifest.lock */,
				0E231BA7200F13F800907D39 /* Sources */,
				0E231BA8200F13F800907D39 /* Frameworks */,
				0E231BA9200F13F800907D39 /* Resources */,
				405098B0BEA4250AA81D8981 /* [CP] Embed Pods Frameworks */,
				6D86151F6AD2251A2C9171E9 /* [CP] Copy Pods Resources */,
			);
			buildRules = (
			);
			dependencies = (
				0E231BAD200F13F800907D39 /* PBXTargetDependency */,
			);
			name = TitanAvalonTests;
			productName = TitanAvalonTests;
			productReference = 0E231BAB200F13F800907D39 /* TitanAvalonTests.xctest */;
			productType = "com.apple.product-type.bundle.unit-test";
		};
/* End PBXNativeTarget section */

/* Begin PBXProject section */
		0E231B8F200F13F700907D39 /* Project object */ = {
			isa = PBXProject;
			attributes = {
				LastSwiftUpdateCheck = 0920;
				LastUpgradeCheck = 0920;
				ORGANIZATIONNAME = paulps;
				TargetAttributes = {
					0E231B96200F13F700907D39 = {
						CreatedOnToolsVersion = 9.2;
						ProvisioningStyle = Automatic;
					};
					0E231BAA200F13F800907D39 = {
						CreatedOnToolsVersion = 9.2;
						ProvisioningStyle = Automatic;
						TestTargetID = 0E231B96200F13F700907D39;
					};
				};
			};
			buildConfigurationList = 0E231B92200F13F700907D39 /* Build configuration list for PBXProject "TitanAvalon" */;
			compatibilityVersion = "Xcode 8.0";
			developmentRegion = en;
			hasScannedForEncodings = 0;
			knownRegions = (
				en,
				Base,
			);
			mainGroup = 0E231B8E200F13F700907D39;
			productRefGroup = 0E231B98200F13F700907D39 /* Products */;
			projectDirPath = "";
			projectRoot = "";
			targets = (
				0E231B96200F13F700907D39 /* TitanAvalon */,
				0E231BAA200F13F800907D39 /* TitanAvalonTests */,
			);
		};
/* End PBXProject section */

/* Begin PBXResourcesBuildPhase section */
		0E231B95200F13F700907D39 /* Resources */ = {
			isa = PBXResourcesBuildPhase;
			buildActionMask = 2147483647;
			files = (
				0E231BA5200F13F700907D39 /* LaunchScreen.storyboard in Resources */,
				0E1D2ACA20307D9A006D442C /* GoogleService-Info.plist in Resources */,
				0E231BA2200F13F700907D39 /* Assets.xcassets in Resources */,
				0E231BA0200F13F700907D39 /* Main.storyboard in Resources */,
			);
			runOnlyForDeploymentPostprocessing = 0;
		};
		0E231BA9200F13F800907D39 /* Resources */ = {
			isa = PBXResourcesBuildPhase;
			buildActionMask = 2147483647;
			files = (
			);
			runOnlyForDeploymentPostprocessing = 0;
		};
/* End PBXResourcesBuildPhase section */

/* Begin PBXShellScriptBuildPhase section */
		1F57D5CCDF942B58A69F840A /* [CP] Check Pods Manifest.lock */ = {
			isa = PBXShellScriptBuildPhase;
			buildActionMask = 2147483647;
			files = (
			);
			inputPaths = (
				"${PODS_PODFILE_DIR_PATH}/Podfile.lock",
				"${PODS_ROOT}/Manifest.lock",
			);
			name = "[CP] Check Pods Manifest.lock";
			outputPaths = (
				"$(DERIVED_FILE_DIR)/Pods-TitanAvalon-checkManifestLockResult.txt",
			);
			runOnlyForDeploymentPostprocessing = 0;
			shellPath = /bin/sh;
			shellScript = "diff \"${PODS_PODFILE_DIR_PATH}/Podfile.lock\" \"${PODS_ROOT}/Manifest.lock\" > /dev/null\nif [ $? != 0 ] ; then\n    # print error to STDERR\n    echo \"error: The sandbox is not in sync with the Podfile.lock. Run 'pod install' or update your CocoaPods installation.\" >&2\n    exit 1\nfi\n# This output is used by Xcode 'outputs' to avoid re-running this script phase.\necho \"SUCCESS\" > \"${SCRIPT_OUTPUT_FILE_0}\"\n";
			showEnvVarsInLog = 0;
		};
		2E3AEFB768E8D38637A1C7A0 /* [CP] Check Pods Manifest.lock */ = {
			isa = PBXShellScriptBuildPhase;
			buildActionMask = 2147483647;
			files = (
			);
			inputPaths = (
				"${PODS_PODFILE_DIR_PATH}/Podfile.lock",
				"${PODS_ROOT}/Manifest.lock",
			);
			name = "[CP] Check Pods Manifest.lock";
			outputPaths = (
				"$(DERIVED_FILE_DIR)/Pods-TitanAvalonTests-checkManifestLockResult.txt",
			);
			runOnlyForDeploymentPostprocessing = 0;
			shellPath = /bin/sh;
			shellScript = "diff \"${PODS_PODFILE_DIR_PATH}/Podfile.lock\" \"${PODS_ROOT}/Manifest.lock\" > /dev/null\nif [ $? != 0 ] ; then\n    # print error to STDERR\n    echo \"error: The sandbox is not in sync with the Podfile.lock. Run 'pod install' or update your CocoaPods installation.\" >&2\n    exit 1\nfi\n# This output is used by Xcode 'outputs' to avoid re-running this script phase.\necho \"SUCCESS\" > \"${SCRIPT_OUTPUT_FILE_0}\"\n";
			showEnvVarsInLog = 0;
		};
		405098B0BEA4250AA81D8981 /* [CP] Embed Pods Frameworks */ = {
			isa = PBXShellScriptBuildPhase;
			buildActionMask = 2147483647;
			files = (
			);
			inputPaths = (
			);
			name = "[CP] Embed Pods Frameworks";
			outputPaths = (
			);
			runOnlyForDeploymentPostprocessing = 0;
			shellPath = /bin/sh;
			shellScript = "\"${SRCROOT}/Pods/Target Support Files/Pods-TitanAvalonTests/Pods-TitanAvalonTests-frameworks.sh\"\n";
			showEnvVarsInLog = 0;
		};
		6D86151F6AD2251A2C9171E9 /* [CP] Copy Pods Resources */ = {
			isa = PBXShellScriptBuildPhase;
			buildActionMask = 2147483647;
			files = (
			);
			inputPaths = (
			);
			name = "[CP] Copy Pods Resources";
			outputPaths = (
			);
			runOnlyForDeploymentPostprocessing = 0;
			shellPath = /bin/sh;
			shellScript = "\"${SRCROOT}/Pods/Target Support Files/Pods-TitanAvalonTests/Pods-TitanAvalonTests-resources.sh\"\n";
			showEnvVarsInLog = 0;
		};
		8E91C9E3BDC0612486A0126E /* [CP] Copy Pods Resources */ = {
			isa = PBXShellScriptBuildPhase;
			buildActionMask = 2147483647;
			files = (
			);
			inputPaths = (
			);
			name = "[CP] Copy Pods Resources";
			outputPaths = (
			);
			runOnlyForDeploymentPostprocessing = 0;
			shellPath = /bin/sh;
			shellScript = "\"${SRCROOT}/Pods/Target Support Files/Pods-TitanAvalon/Pods-TitanAvalon-resources.sh\"\n";
			showEnvVarsInLog = 0;
		};
		D1C97458AAEDB2DEC7068843 /* [CP] Embed Pods Frameworks */ = {
			isa = PBXShellScriptBuildPhase;
			buildActionMask = 2147483647;
			files = (
			);
			inputPaths = (
				"${SRCROOT}/Pods/Target Support Files/Pods-TitanAvalon/Pods-TitanAvalon-frameworks.sh",
				"${BUILT_PRODUCTS_DIR}/GoogleToolboxForMac/GoogleToolboxForMac.framework",
				"${BUILT_PRODUCTS_DIR}/leveldb-library/leveldb.framework",
				"${BUILT_PRODUCTS_DIR}/nanopb/nanopb.framework",
			);
			name = "[CP] Embed Pods Frameworks";
			outputPaths = (
				"${TARGET_BUILD_DIR}/${FRAMEWORKS_FOLDER_PATH}/GoogleToolboxForMac.framework",
				"${TARGET_BUILD_DIR}/${FRAMEWORKS_FOLDER_PATH}/leveldb.framework",
				"${TARGET_BUILD_DIR}/${FRAMEWORKS_FOLDER_PATH}/nanopb.framework",
			);
			runOnlyForDeploymentPostprocessing = 0;
			shellPath = /bin/sh;
			shellScript = "\"${SRCROOT}/Pods/Target Support Files/Pods-TitanAvalon/Pods-TitanAvalon-frameworks.sh\"\n";
			showEnvVarsInLog = 0;
		};
/* End PBXShellScriptBuildPhase section */

/* Begin PBXSourcesBuildPhase section */
		0E231B93200F13F700907D39 /* Sources */ = {
			isa = PBXSourcesBuildPhase;
			buildActionMask = 2147483647;
			files = (
				0E95C3AD2011909C0019B72A /* User.swift in Sources */,
				0E345A3B202CAAE1006DBCAD /* QuestRound.swift in Sources */,
				0E345A3D202CAC2E006DBCAD /* QuestRoundEvent.swift in Sources */,
				0E345A39202CA794006DBCAD /* KingArther.swift in Sources */,
				0E20BA6C203C85E80080119F /* Event.swift in Sources */,
				0E74CC3F20254FFC00FFAFCC /* SetupRound.swift in Sources */,
				0EEDEEE7201AC289003E6F17 /* Relationship.swift in Sources */,
				0E1E2AC820294484009DED48 /* SetupRoundEvent.swift in Sources */,
				0E95C3AC2011909C0019B72A /* Character.swift in Sources */,
				0E231B9D200F13F700907D39 /* GameController.swift in Sources */,
				0E20BA6A203C85810080119F /* Game.swift in Sources */,
				0E95C3AE2011909C0019B72A /* CharacterGenerator.swift in Sources */,
				0E1D2AD7203092D8006D442C /* QuestRoundRepository.swift in Sources */,
				0E1D2AD120309037006D442C /* SetupRoundRepository.swift in Sources */,
				0E231B9B200F13F700907D39 /* AppDelegate.swift in Sources */,
			);
			runOnlyForDeploymentPostprocessing = 0;
		};
		0E231BA7200F13F800907D39 /* Sources */ = {
			isa = PBXSourcesBuildPhase;
			buildActionMask = 2147483647;
			files = (
				0E74CC432025633500FFAFCC /* SetupRoundTests.swift in Sources */,
				0E95C3A82011908E0019B72A /* CharacterGeneratorTests.swift in Sources */,
				0E74CC3D20254EC200FFAFCC /* RelationshipTests.swift in Sources */,
			);
			runOnlyForDeploymentPostprocessing = 0;
		};
/* End PBXSourcesBuildPhase section */

/* Begin PBXTargetDependency section */
		0E231BAD200F13F800907D39 /* PBXTargetDependency */ = {
			isa = PBXTargetDependency;
			target = 0E231B96200F13F700907D39 /* TitanAvalon */;
			targetProxy = 0E231BAC200F13F800907D39 /* PBXContainerItemProxy */;
		};
/* End PBXTargetDependency section */

/* Begin PBXVariantGroup section */
		0E231B9E200F13F700907D39 /* Main.storyboard */ = {
			isa = PBXVariantGroup;
			children = (
				0E231B9F200F13F700907D39 /* Base */,
			);
			name = Main.storyboard;
			sourceTree = "<group>";
		};
		0E231BA3200F13F700907D39 /* LaunchScreen.storyboard */ = {
			isa = PBXVariantGroup;
			children = (
				0E231BA4200F13F700907D39 /* Base */,
			);
			name = LaunchScreen.storyboard;
			sourceTree = "<group>";
		};
/* End PBXVariantGroup section */

/* Begin XCBuildConfiguration section */
		0E231BB2200F13F800907D39 /* Debug */ = {
			isa = XCBuildConfiguration;
			buildSettings = {
				ALWAYS_SEARCH_USER_PATHS = NO;
				CLANG_ANALYZER_NONNULL = YES;
				CLANG_ANALYZER_NUMBER_OBJECT_CONVERSION = YES_AGGRESSIVE;
				CLANG_CXX_LANGUAGE_STANDARD = "gnu++14";
				CLANG_CXX_LIBRARY = "libc++";
				CLANG_ENABLE_MODULES = YES;
				CLANG_ENABLE_OBJC_ARC = YES;
				CLANG_WARN_BLOCK_CAPTURE_AUTORELEASING = YES;
				CLANG_WARN_BOOL_CONVERSION = YES;
				CLANG_WARN_COMMA = YES;
				CLANG_WARN_CONSTANT_CONVERSION = YES;
				CLANG_WARN_DIRECT_OBJC_ISA_USAGE = YES_ERROR;
				CLANG_WARN_DOCUMENTATION_COMMENTS = YES;
				CLANG_WARN_EMPTY_BODY = YES;
				CLANG_WARN_ENUM_CONVERSION = YES;
				CLANG_WARN_INFINITE_RECURSION = YES;
				CLANG_WARN_INT_CONVERSION = YES;
				CLANG_WARN_NON_LITERAL_NULL_CONVERSION = YES;
				CLANG_WARN_OBJC_LITERAL_CONVERSION = YES;
				CLANG_WARN_OBJC_ROOT_CLASS = YES_ERROR;
				CLANG_WARN_RANGE_LOOP_ANALYSIS = YES;
				CLANG_WARN_STRICT_PROTOTYPES = YES;
				CLANG_WARN_SUSPICIOUS_MOVE = YES;
				CLANG_WARN_UNGUARDED_AVAILABILITY = YES_AGGRESSIVE;
				CLANG_WARN_UNREACHABLE_CODE = YES;
				CLANG_WARN__DUPLICATE_METHOD_MATCH = YES;
				CODE_SIGN_IDENTITY = "iPhone Developer";
				COPY_PHASE_STRIP = NO;
				DEBUG_INFORMATION_FORMAT = dwarf;
				ENABLE_STRICT_OBJC_MSGSEND = YES;
				ENABLE_TESTABILITY = YES;
				GCC_C_LANGUAGE_STANDARD = gnu11;
				GCC_DYNAMIC_NO_PIC = NO;
				GCC_NO_COMMON_BLOCKS = YES;
				GCC_OPTIMIZATION_LEVEL = 0;
				GCC_PREPROCESSOR_DEFINITIONS = (
					"DEBUG=1",
					"$(inherited)",
				);
				GCC_WARN_64_TO_32_BIT_CONVERSION = YES;
				GCC_WARN_ABOUT_RETURN_TYPE = YES_ERROR;
				GCC_WARN_UNDECLARED_SELECTOR = YES;
				GCC_WARN_UNINITIALIZED_AUTOS = YES_AGGRESSIVE;
				GCC_WARN_UNUSED_FUNCTION = YES;
				GCC_WARN_UNUSED_VARIABLE = YES;
				IPHONEOS_DEPLOYMENT_TARGET = 11.2;
				MTL_ENABLE_DEBUG_INFO = YES;
				ONLY_ACTIVE_ARCH = YES;
				SDKROOT = iphoneos;
				SWIFT_ACTIVE_COMPILATION_CONDITIONS = DEBUG;
				SWIFT_OPTIMIZATION_LEVEL = "-Onone";
			};
			name = Debug;
		};
		0E231BB3200F13F800907D39 /* Release */ = {
			isa = XCBuildConfiguration;
			buildSettings = {
				ALWAYS_SEARCH_USER_PATHS = NO;
				CLANG_ANALYZER_NONNULL = YES;
				CLANG_ANALYZER_NUMBER_OBJECT_CONVERSION = YES_AGGRESSIVE;
				CLANG_CXX_LANGUAGE_STANDARD = "gnu++14";
				CLANG_CXX_LIBRARY = "libc++";
				CLANG_ENABLE_MODULES = YES;
				CLANG_ENABLE_OBJC_ARC = YES;
				CLANG_WARN_BLOCK_CAPTURE_AUTORELEASING = YES;
				CLANG_WARN_BOOL_CONVERSION = YES;
				CLANG_WARN_COMMA = YES;
				CLANG_WARN_CONSTANT_CONVERSION = YES;
				CLANG_WARN_DIRECT_OBJC_ISA_USAGE = YES_ERROR;
				CLANG_WARN_DOCUMENTATION_COMMENTS = YES;
				CLANG_WARN_EMPTY_BODY = YES;
				CLANG_WARN_ENUM_CONVERSION = YES;
				CLANG_WARN_INFINITE_RECURSION = YES;
				CLANG_WARN_INT_CONVERSION = YES;
				CLANG_WARN_NON_LITERAL_NULL_CONVERSION = YES;
				CLANG_WARN_OBJC_LITERAL_CONVERSION = YES;
				CLANG_WARN_OBJC_ROOT_CLASS = YES_ERROR;
				CLANG_WARN_RANGE_LOOP_ANALYSIS = YES;
				CLANG_WARN_STRICT_PROTOTYPES = YES;
				CLANG_WARN_SUSPICIOUS_MOVE = YES;
				CLANG_WARN_UNGUARDED_AVAILABILITY = YES_AGGRESSIVE;
				CLANG_WARN_UNREACHABLE_CODE = YES;
				CLANG_WARN__DUPLICATE_METHOD_MATCH = YES;
				CODE_SIGN_IDENTITY = "iPhone Developer";
				COPY_PHASE_STRIP = NO;
				DEBUG_INFORMATION_FORMAT = "dwarf-with-dsym";
				ENABLE_NS_ASSERTIONS = NO;
				ENABLE_STRICT_OBJC_MSGSEND = YES;
				GCC_C_LANGUAGE_STANDARD = gnu11;
				GCC_NO_COMMON_BLOCKS = YES;
				GCC_WARN_64_TO_32_BIT_CONVERSION = YES;
				GCC_WARN_ABOUT_RETURN_TYPE = YES_ERROR;
				GCC_WARN_UNDECLARED_SELECTOR = YES;
				GCC_WARN_UNINITIALIZED_AUTOS = YES_AGGRESSIVE;
				GCC_WARN_UNUSED_FUNCTION = YES;
				GCC_WARN_UNUSED_VARIABLE = YES;
				IPHONEOS_DEPLOYMENT_TARGET = 11.2;
				MTL_ENABLE_DEBUG_INFO = NO;
				SDKROOT = iphoneos;
				SWIFT_OPTIMIZATION_LEVEL = "-Owholemodule";
				VALIDATE_PRODUCT = YES;
			};
			name = Release;
		};
		0E231BB5200F13F800907D39 /* Debug */ = {
			isa = XCBuildConfiguration;
			baseConfigurationReference = 509B455270C02340D1916477 /* Pods-TitanAvalon.debug.xcconfig */;
			buildSettings = {
				ASSETCATALOG_COMPILER_APPICON_NAME = AppIcon;
				CODE_SIGN_STYLE = Automatic;
				DEVELOPMENT_TEAM = T9UXT366P9;
				INFOPLIST_FILE = TitanAvalon/Info.plist;
				LD_RUNPATH_SEARCH_PATHS = "$(inherited) @executable_path/Frameworks";
				PRODUCT_BUNDLE_IDENTIFIER = com.paulwu.TitanAvalon;
				PRODUCT_NAME = "$(TARGET_NAME)";
				SWIFT_VERSION = 4.0;
				TARGETED_DEVICE_FAMILY = "1,2";
			};
			name = Debug;
		};
		0E231BB6200F13F800907D39 /* Release */ = {
			isa = XCBuildConfiguration;
			baseConfigurationReference = DD3B32C9904283A224FD59E1 /* Pods-TitanAvalon.release.xcconfig */;
			buildSettings = {
				ASSETCATALOG_COMPILER_APPICON_NAME = AppIcon;
				CODE_SIGN_STYLE = Automatic;
				DEVELOPMENT_TEAM = T9UXT366P9;
				INFOPLIST_FILE = TitanAvalon/Info.plist;
				LD_RUNPATH_SEARCH_PATHS = "$(inherited) @executable_path/Frameworks";
				PRODUCT_BUNDLE_IDENTIFIER = com.paulwu.TitanAvalon;
				PRODUCT_NAME = "$(TARGET_NAME)";
				SWIFT_VERSION = 4.0;
				TARGETED_DEVICE_FAMILY = "1,2";
			};
			name = Release;
		};
		0E231BB8200F13F800907D39 /* Debug */ = {
			isa = XCBuildConfiguration;
			baseConfigurationReference = 4347854705A817041A7F9269 /* Pods-TitanAvalonTests.debug.xcconfig */;
			buildSettings = {
				ALWAYS_EMBED_SWIFT_STANDARD_LIBRARIES = YES;
				BUNDLE_LOADER = "$(TEST_HOST)";
				CODE_SIGN_STYLE = Automatic;
				DEVELOPMENT_TEAM = T9UXT366P9;
				INFOPLIST_FILE = TitanAvalonTests/Info.plist;
				LD_RUNPATH_SEARCH_PATHS = "$(inherited) @executable_path/Frameworks @loader_path/Frameworks";
				PRODUCT_BUNDLE_IDENTIFIER = com.paulwu.TitanAvalonTests;
				PRODUCT_NAME = "$(TARGET_NAME)";
				SWIFT_VERSION = 4.0;
				TARGETED_DEVICE_FAMILY = "1,2";
				TEST_HOST = "$(BUILT_PRODUCTS_DIR)/TitanAvalon.app/TitanAvalon";
			};
			name = Debug;
		};
		0E231BB9200F13F800907D39 /* Release */ = {
			isa = XCBuildConfiguration;
			baseConfigurationReference = 77F3CC89EF44FD8233AC24BC /* Pods-TitanAvalonTests.release.xcconfig */;
			buildSettings = {
				ALWAYS_EMBED_SWIFT_STANDARD_LIBRARIES = YES;
				BUNDLE_LOADER = "$(TEST_HOST)";
				CODE_SIGN_STYLE = Automatic;
				DEVELOPMENT_TEAM = T9UXT366P9;
				INFOPLIST_FILE = TitanAvalonTests/Info.plist;
				LD_RUNPATH_SEARCH_PATHS = "$(inherited) @executable_path/Frameworks @loader_path/Frameworks";
				PRODUCT_BUNDLE_IDENTIFIER = com.paulwu.TitanAvalonTests;
				PRODUCT_NAME = "$(TARGET_NAME)";
				SWIFT_VERSION = 4.0;
				TARGETED_DEVICE_FAMILY = "1,2";
				TEST_HOST = "$(BUILT_PRODUCTS_DIR)/TitanAvalon.app/TitanAvalon";
			};
			name = Release;
		};
/* End XCBuildConfiguration section */

/* Begin XCConfigurationList section */
		0E231B92200F13F700907D39 /* Build configuration list for PBXProject "TitanAvalon" */ = {
			isa = XCConfigurationList;
			buildConfigurations = (
				0E231BB2200F13F800907D39 /* Debug */,
				0E231BB3200F13F800907D39 /* Release */,
			);
			defaultConfigurationIsVisible = 0;
			defaultConfigurationName = Release;
		};
		0E231BB4200F13F800907D39 /* Build configuration list for PBXNativeTarget "TitanAvalon" */ = {
			isa = XCConfigurationList;
			buildConfigurations = (
				0E231BB5200F13F800907D39 /* Debug */,
				0E231BB6200F13F800907D39 /* Release */,
			);
			defaultConfigurationIsVisible = 0;
			defaultConfigurationName = Release;
		};
		0E231BB7200F13F800907D39 /* Build configuration list for PBXNativeTarget "TitanAvalonTests" */ = {
			isa = XCConfigurationList;
			buildConfigurations = (
				0E231BB8200F13F800907D39 /* Debug */,
				0E231BB9200F13F800907D39 /* Release */,
			);
			defaultConfigurationIsVisible = 0;
			defaultConfigurationName = Release;
		};
/* End XCConfigurationList section */
	};
	rootObject = 0E231B8F200F13F700907D39 /* Project object */;
}
